// !$*UTF8*$!
{
	archiveVersion = 1;
	classes = {
	};
	objectVersion = 77;
	objects = {

/* Begin PBXContainerItemProxy section */
		418DEEA12CF4E00200E73017 /* PBXContainerItemProxy */ = {
			isa = PBXContainerItemProxy;
			containerPortal = 418DEE882CF4E00200E73017 /* Project object */;
			proxyType = 1;
			remoteGlobalIDString = 418DEE8F2CF4E00200E73017;
			remoteInfo = "FaceGram IOS";
		};
		418DEEAB2CF4E00200E73017 /* PBXContainerItemProxy */ = {
			isa = PBXContainerItemProxy;
			containerPortal = 418DEE882CF4E00200E73017 /* Project object */;
			proxyType = 1;
			remoteGlobalIDString = 418DEE8F2CF4E00200E73017;
			remoteInfo = "FaceGram IOS";
		};
/* End PBXContainerItemProxy section */

/* Begin PBXFileReference section */
		418DEE902CF4E00200E73017 /* FaceGram IOS.app */ = {isa = PBXFileReference; explicitFileType = wrapper.application; includeInIndex = 0; path = "FaceGram IOS.app"; sourceTree = BUILT_PRODUCTS_DIR; };
		418DEEA02CF4E00200E73017 /* FaceGram IOSTests.xctest */ = {isa = PBXFileReference; explicitFileType = wrapper.cfbundle; includeInIndex = 0; path = "FaceGram IOSTests.xctest"; sourceTree = BUILT_PRODUCTS_DIR; };
		418DEEAA2CF4E00200E73017 /* FaceGram IOSUITests.xctest */ = {isa = PBXFileReference; explicitFileType = wrapper.cfbundle; includeInIndex = 0; path = "FaceGram IOSUITests.xctest"; sourceTree = BUILT_PRODUCTS_DIR; };
/* End PBXFileReference section */

/* Begin PBXFileSystemSynchronizedRootGroup section */
		418DEE922CF4E00200E73017 /* FaceGram IOS */ = {
			isa = PBXFileSystemSynchronizedRootGroup;
			path = "FaceGram IOS";
			sourceTree = "<group>";
		};
		418DEEA32CF4E00200E73017 /* FaceGram IOSTests */ = {
			isa = PBXFileSystemSynchronizedRootGroup;
			path = "FaceGram IOSTests";
			sourceTree = "<group>";
		};
		418DEEAD2CF4E00200E73017 /* FaceGram IOSUITests */ = {
			isa = PBXFileSystemSynchronizedRootGroup;
			path = "FaceGram IOSUITests";
			sourceTree = "<group>";
		};
/* End PBXFileSystemSynchronizedRootGroup section */

/* Begin PBXFrameworksBuildPhase section */
		418DEE8D2CF4E00200E73017 /* Frameworks */ = {
			isa = PBXFrameworksBuildPhase;
			buildActionMask = 2147483647;
			files = (
			);
			runOnlyForDeploymentPostprocessing = 0;
		};
		418DEE9D2CF4E00200E73017 /* Frameworks */ = {
			isa = PBXFrameworksBuildPhase;
			buildActionMask = 2147483647;
			files = (
			);
			runOnlyForDeploymentPostprocessing = 0;
		};
		418DEEA72CF4E00200E73017 /* Frameworks */ = {
			isa = PBXFrameworksBuildPhase;
			buildActionMask = 2147483647;
			files = (
			);
			runOnlyForDeploymentPostprocessing = 0;
		};
/* End PBXFrameworksBuildPhase section */

/* Begin PBXGroup section */
		418DEE872CF4E00200E73017 = {
			isa = PBXGroup;
			children = (
				418DEE922CF4E00200E73017 /* FaceGram IOS */,
				418DEEA32CF4E00200E73017 /* FaceGram IOSTests */,
				418DEEAD2CF4E00200E73017 /* FaceGram IOSUITests */,
				418DEE912CF4E00200E73017 /* Products */,
			);
			sourceTree = "<group>";
		};
		418DEE912CF4E00200E73017 /* Products */ = {
			isa = PBXGroup;
			children = (
				418DEE902CF4E00200E73017 /* FaceGram IOS.app */,
				418DEEA02CF4E00200E73017 /* FaceGram IOSTests.xctest */,
				418DEEAA2CF4E00200E73017 /* FaceGram IOSUITests.xctest */,
			);
			name = Products;
			sourceTree = "<group>";
		};
/* End PBXGroup section */

/* Begin PBXNativeTarget section */
		418DEE8F2CF4E00200E73017 /* FaceGram IOS */ = {
			isa = PBXNativeTarget;
			buildConfigurationList = 418DEEB42CF4E00200E73017 /* Build configuration list for PBXNativeTarget "FaceGram IOS" */;
			buildPhases = (
				418DEE8C2CF4E00200E73017 /* Sources */,
				418DEE8D2CF4E00200E73017 /* Frameworks */,
				418DEE8E2CF4E00200E73017 /* Resources */,
			);
			buildRules = (
			);
			dependencies = (
			);
			fileSystemSynchronizedGroups = (
				418DEE922CF4E00200E73017 /* FaceGram IOS */,
			);
			name = "FaceGram IOS";
			packageProductDependencies = (
			);
			productName = "FaceGram IOS";
			productReference = 418DEE902CF4E00200E73017 /* FaceGram IOS.app */;
			productType = "com.apple.product-type.application";
		};
		418DEE9F2CF4E00200E73017 /* FaceGram IOSTests */ = {
			isa = PBXNativeTarget;
			buildConfigurationList = 418DEEB72CF4E00200E73017 /* Build configuration list for PBXNativeTarget "FaceGram IOSTests" */;
			buildPhases = (
				418DEE9C2CF4E00200E73017 /* Sources */,
				418DEE9D2CF4E00200E73017 /* Frameworks */,
				418DEE9E2CF4E00200E73017 /* Resources */,
			);
			buildRules = (
			);
			dependencies = (
				418DEEA22CF4E00200E73017 /* PBXTargetDependency */,
			);
			fileSystemSynchronizedGroups = (
				418DEEA32CF4E00200E73017 /* FaceGram IOSTests */,
			);
			name = "FaceGram IOSTests";
			packageProductDependencies = (
			);
			productName = "FaceGram IOSTests";
			productReference = 418DEEA02CF4E00200E73017 /* FaceGram IOSTests.xctest */;
			productType = "com.apple.product-type.bundle.unit-test";
		};
		418DEEA92CF4E00200E73017 /* FaceGram IOSUITests */ = {
			isa = PBXNativeTarget;
			buildConfigurationList = 418DEEBA2CF4E00200E73017 /* Build configuration list for PBXNativeTarget "FaceGram IOSUITests" */;
			buildPhases = (
				418DEEA62CF4E00200E73017 /* Sources */,
				418DEEA72CF4E00200E73017 /* Frameworks */,
				418DEEA82CF4E00200E73017 /* Resources */,
			);
			buildRules = (
			);
			dependencies = (
				418DEEAC2CF4E00200E73017 /* PBXTargetDependency */,
			);
			fileSystemSynchronizedGroups = (
				418DEEAD2CF4E00200E73017 /* FaceGram IOSUITests */,
			);
			name = "FaceGram IOSUITests";
			packageProductDependencies = (
			);
			productName = "FaceGram IOSUITests";
			productReference = 418DEEAA2CF4E00200E73017 /* FaceGram IOSUITests.xctest */;
			productType = "com.apple.product-type.bundle.ui-testing";
		};
/* End PBXNativeTarget section */

/* Begin PBXProject section */
		418DEE882CF4E00200E73017 /* Project object */ = {
			isa = PBXProject;
			attributes = {
				BuildIndependentTargetsInParallel = 1;
				LastSwiftUpdateCheck = 1610;
				LastUpgradeCheck = 1610;
				TargetAttributes = {
					418DEE8F2CF4E00200E73017 = {
						CreatedOnToolsVersion = 16.1;
					};
					418DEE9F2CF4E00200E73017 = {
						CreatedOnToolsVersion = 16.1;
						TestTargetID = 418DEE8F2CF4E00200E73017;
					};
					418DEEA92CF4E00200E73017 = {
						CreatedOnToolsVersion = 16.1;
						TestTargetID = 418DEE8F2CF4E00200E73017;
					};
				};
			};
			buildConfigurationList = 418DEE8B2CF4E00200E73017 /* Build configuration list for PBXProject "FaceGram IOS" */;
			developmentRegion = en;
			hasScannedForEncodings = 0;
			knownRegions = (
				en,
				Base,
			);
			mainGroup = 418DEE872CF4E00200E73017;
			minimizedProjectReferenceProxies = 1;
			preferredProjectObjectVersion = 77;
			productRefGroup = 418DEE912CF4E00200E73017 /* Products */;
			projectDirPath = "";
			projectRoot = "";
			targets = (
				418DEE8F2CF4E00200E73017 /* FaceGram IOS */,
				418DEE9F2CF4E00200E73017 /* FaceGram IOSTests */,
				418DEEA92CF4E00200E73017 /* FaceGram IOSUITests */,
			);
		};
/* End PBXProject section */

/* Begin PBXResourcesBuildPhase section */
		418DEE8E2CF4E00200E73017 /* Resources */ = {
			isa = PBXResourcesBuildPhase;
			buildActionMask = 2147483647;
			files = (
			);
			runOnlyForDeploymentPostprocessing = 0;
		};
		418DEE9E2CF4E00200E73017 /* Resources */ = {
			isa = PBXResourcesBuildPhase;
			buildActionMask = 2147483647;
			files = (
			);
			runOnlyForDeploymentPostprocessing = 0;
		};
		418DEEA82CF4E00200E73017 /* Resources */ = {
			isa = PBXResourcesBuildPhase;
			buildActionMask = 2147483647;
			files = (
			);
			runOnlyForDeploymentPostprocessing = 0;
		};
/* End PBXResourcesBuildPhase section */

/* Begin PBXSourcesBuildPhase section */
		418DEE8C2CF4E00200E73017 /* Sources */ = {
			isa = PBXSourcesBuildPhase;
			buildActionMask = 2147483647;
			files = (
			);
			runOnlyForDeploymentPostprocessing = 0;
		};
		418DEE9C2CF4E00200E73017 /* Sources */ = {
			isa = PBXSourcesBuildPhase;
			buildActionMask = 2147483647;
			files = (
			);
			runOnlyForDeploymentPostprocessing = 0;
		};
		418DEEA62CF4E00200E73017 /* Sources */ = {
			isa = PBXSourcesBuildPhase;
			buildActionMask = 2147483647;
			files = (
			);
			runOnlyForDeploymentPostprocessing = 0;
		};
/* End PBXSourcesBuildPhase section */

/* Begin PBXTargetDependency section */
		418DEEA22CF4E00200E73017 /* PBXTargetDependency */ = {
			isa = PBXTargetDependency;
			target = 418DEE8F2CF4E00200E73017 /* FaceGram IOS */;
			targetProxy = 418DEEA12CF4E00200E73017 /* PBXContainerItemProxy */;
		};
		418DEEAC2CF4E00200E73017 /* PBXTargetDependency */ = {
			isa = PBXTargetDependency;
			target = 418DEE8F2CF4E00200E73017 /* FaceGram IOS */;
			targetProxy = 418DEEAB2CF4E00200E73017 /* PBXContainerItemProxy */;
		};
/* End PBXTargetDependency section */

/* Begin XCBuildConfiguration section */
		418DEEB22CF4E00200E73017 /* Debug */ = {
			isa = XCBuildConfiguration;
			buildSettings = {
				ALWAYS_SEARCH_USER_PATHS = NO;
				ASSETCATALOG_COMPILER_GENERATE_SWIFT_ASSET_SYMBOL_EXTENSIONS = YES;
				CLANG_ANALYZER_NONNULL = YES;
				CLANG_ANALYZER_NUMBER_OBJECT_CONVERSION = YES_AGGRESSIVE;
				CLANG_CXX_LANGUAGE_STANDARD = "gnu++20";
				CLANG_ENABLE_MODULES = YES;
				CLANG_ENABLE_OBJC_ARC = YES;
				CLANG_ENABLE_OBJC_WEAK = YES;
				CLANG_WARN_BLOCK_CAPTURE_AUTORELEASING = YES;
				CLANG_WARN_BOOL_CONVERSION = YES;
				CLANG_WARN_COMMA = YES;
				CLANG_WARN_CONSTANT_CONVERSION = YES;
				CLANG_WARN_DEPRECATED_OBJC_IMPLEMENTATIONS = YES;
				CLANG_WARN_DIRECT_OBJC_ISA_USAGE = YES_ERROR;
				CLANG_WARN_DOCUMENTATION_COMMENTS = YES;
				CLANG_WARN_EMPTY_BODY = YES;
				CLANG_WARN_ENUM_CONVERSION = YES;
				CLANG_WARN_INFINITE_RECURSION = YES;
				CLANG_WARN_INT_CONVERSION = YES;
				CLANG_WARN_NON_LITERAL_NULL_CONVERSION = YES;
				CLANG_WARN_OBJC_IMPLICIT_RETAIN_SELF = YES;
				CLANG_WARN_OBJC_LITERAL_CONVERSION = YES;
				CLANG_WARN_OBJC_ROOT_CLASS = YES_ERROR;
				CLANG_WARN_QUOTED_INCLUDE_IN_FRAMEWORK_HEADER = YES;
				CLANG_WARN_RANGE_LOOP_ANALYSIS = YES;
				CLANG_WARN_STRICT_PROTOTYPES = YES;
				CLANG_WARN_SUSPICIOUS_MOVE = YES;
				CLANG_WARN_UNGUARDED_AVAILABILITY = YES_AGGRESSIVE;
				CLANG_WARN_UNREACHABLE_CODE = YES;
				CLANG_WARN__DUPLICATE_METHOD_MATCH = YES;
				COPY_PHASE_STRIP = NO;
				DEBUG_INFORMATION_FORMAT = dwarf;
				ENABLE_STRICT_OBJC_MSGSEND = YES;
				ENABLE_TESTABILITY = YES;
				ENABLE_USER_SCRIPT_SANDBOXING = YES;
				GCC_C_LANGUAGE_STANDARD = gnu17;
				GCC_DYNAMIC_NO_PIC = NO;
				GCC_NO_COMMON_BLOCKS = YES;
				GCC_OPTIMIZATION_LEVEL = 0;
				GCC_PREPROCESSOR_DEFINITIONS = (
					"DEBUG=1",
					"$(inherited)",
				);
				GCC_WARN_64_TO_32_BIT_CONVERSION = YES;
				GCC_WARN_ABOUT_RETURN_TYPE = YES_ERROR;
				GCC_WARN_UNDECLARED_SELECTOR = YES;
				GCC_WARN_UNINITIALIZED_AUTOS = YES_AGGRESSIVE;
				GCC_WARN_UNUSED_FUNCTION = YES;
				GCC_WARN_UNUSED_VARIABLE = YES;
				IPHONEOS_DEPLOYMENT_TARGET = 18.1;
				LOCALIZATION_PREFERS_STRING_CATALOGS = YES;
				MTL_ENABLE_DEBUG_INFO = INCLUDE_SOURCE;
				MTL_FAST_MATH = YES;
				ONLY_ACTIVE_ARCH = YES;
				SDKROOT = iphoneos;
				SWIFT_ACTIVE_COMPILATION_CONDITIONS = "DEBUG $(inherited)";
				SWIFT_OPTIMIZATION_LEVEL = "-Onone";
			};
			name = Debug;
		};
		418DEEB32CF4E00200E73017 /* Release */ = {
			isa = XCBuildConfiguration;
			buildSettings = {
				ALWAYS_SEARCH_USER_PATHS = NO;
				ASSETCATALOG_COMPILER_GENERATE_SWIFT_ASSET_SYMBOL_EXTENSIONS = YES;
				CLANG_ANALYZER_NONNULL = YES;
				CLANG_ANALYZER_NUMBER_OBJECT_CONVERSION = YES_AGGRESSIVE;
				CLANG_CXX_LANGUAGE_STANDARD = "gnu++20";
				CLANG_ENABLE_MODULES = YES;
				CLANG_ENABLE_OBJC_ARC = YES;
				CLANG_ENABLE_OBJC_WEAK = YES;
				CLANG_WARN_BLOCK_CAPTURE_AUTORELEASING = YES;
				CLANG_WARN_BOOL_CONVERSION = YES;
				CLANG_WARN_COMMA = YES;
				CLANG_WARN_CONSTANT_CONVERSION = YES;
				CLANG_WARN_DEPRECATED_OBJC_IMPLEMENTATIONS = YES;
				CLANG_WARN_DIRECT_OBJC_ISA_USAGE = YES_ERROR;
				CLANG_WARN_DOCUMENTATION_COMMENTS = YES;
				CLANG_WARN_EMPTY_BODY = YES;
				CLANG_WARN_ENUM_CONVERSION = YES;
				CLANG_WARN_INFINITE_RECURSION = YES;
				CLANG_WARN_INT_CONVERSION = YES;
				CLANG_WARN_NON_LITERAL_NULL_CONVERSION = YES;
				CLANG_WARN_OBJC_IMPLICIT_RETAIN_SELF = YES;
				CLANG_WARN_OBJC_LITERAL_CONVERSION = YES;
				CLANG_WARN_OBJC_ROOT_CLASS = YES_ERROR;
				CLANG_WARN_QUOTED_INCLUDE_IN_FRAMEWORK_HEADER = YES;
				CLANG_WARN_RANGE_LOOP_ANALYSIS = YES;
				CLANG_WARN_STRICT_PROTOTYPES = YES;
				CLANG_WARN_SUSPICIOUS_MOVE = YES;
				CLANG_WARN_UNGUARDED_AVAILABILITY = YES_AGGRESSIVE;
				CLANG_WARN_UNREACHABLE_CODE = YES;
				CLANG_WARN__DUPLICATE_METHOD_MATCH = YES;
				COPY_PHASE_STRIP = NO;
				DEBUG_INFORMATION_FORMAT = "dwarf-with-dsym";
				ENABLE_NS_ASSERTIONS = NO;
				ENABLE_STRICT_OBJC_MSGSEND = YES;
				ENABLE_USER_SCRIPT_SANDBOXING = YES;
				GCC_C_LANGUAGE_STANDARD = gnu17;
				GCC_NO_COMMON_BLOCKS = YES;
				GCC_WARN_64_TO_32_BIT_CONVERSION = YES;
				GCC_WARN_ABOUT_RETURN_TYPE = YES_ERROR;
				GCC_WARN_UNDECLARED_SELECTOR = YES;
				GCC_WARN_UNINITIALIZED_AUTOS = YES_AGGRESSIVE;
				GCC_WARN_UNUSED_FUNCTION = YES;
				GCC_WARN_UNUSED_VARIABLE = YES;
				IPHONEOS_DEPLOYMENT_TARGET = 18.1;
				LOCALIZATION_PREFERS_STRING_CATALOGS = YES;
				MTL_ENABLE_DEBUG_INFO = NO;
				MTL_FAST_MATH = YES;
				SDKROOT = iphoneos;
				SWIFT_COMPILATION_MODE = wholemodule;
				VALIDATE_PRODUCT = YES;
			};
			name = Release;
		};
		418DEEB52CF4E00200E73017 /* Debug */ = {
			isa = XCBuildConfiguration;
			buildSettings = {
				ASSETCATALOG_COMPILER_APPICON_NAME = AppIcon;
				ASSETCATALOG_COMPILER_GLOBAL_ACCENT_COLOR_NAME = AccentColor;
				CODE_SIGN_STYLE = Automatic;
				CURRENT_PROJECT_VERSION = 1;
				DEVELOPMENT_ASSET_PATHS = "\"FaceGram IOS/Preview Content\"";
				ENABLE_PREVIEWS = YES;
				GENERATE_INFOPLIST_FILE = YES;
				INFOPLIST_KEY_UIApplicationSceneManifest_Generation = YES;
				INFOPLIST_KEY_UIApplicationSupportsIndirectInputEvents = YES;
				INFOPLIST_KEY_UILaunchScreen_Generation = YES;
				INFOPLIST_KEY_UISupportedInterfaceOrientations_iPad = "UIInterfaceOrientationPortrait UIInterfaceOrientationPortraitUpsideDown UIInterfaceOrientationLandscapeLeft UIInterfaceOrientationLandscapeRight";
				INFOPLIST_KEY_UISupportedInterfaceOrientations_iPhone = "UIInterfaceOrientationPortrait UIInterfaceOrientationLandscapeLeft UIInterfaceOrientationLandscapeRight";
				LD_RUNPATH_SEARCH_PATHS = (
					"$(inherited)",
					"@executable_path/Frameworks",
				);
				MARKETING_VERSION = 1.0;
				PRODUCT_BUNDLE_IDENTIFIER = "com.yuvalfarangi.FaceGram-IOS";
				PRODUCT_NAME = "$(TARGET_NAME)";
				SWIFT_EMIT_LOC_STRINGS = YES;
				SWIFT_VERSION = 5.0;
				TARGETED_DEVICE_FAMILY = "1,2";
			};
			name = Debug;
		};
		418DEEB62CF4E00200E73017 /* Release */ = {
			isa = XCBuildConfiguration;
			buildSettings = {
				ASSETCATALOG_COMPILER_APPICON_NAME = AppIcon;
				ASSETCATALOG_COMPILER_GLOBAL_ACCENT_COLOR_NAME = AccentColor;
				CODE_SIGN_STYLE = Automatic;
				CURRENT_PROJECT_VERSION = 1;
				DEVELOPMENT_ASSET_PATHS = "\"FaceGram IOS/Preview Content\"";
				ENABLE_PREVIEWS = YES;
				GENERATE_INFOPLIST_FILE = YES;
				INFOPLIST_KEY_UIApplicationSceneManifest_Generation = YES;
				INFOPLIST_KEY_UIApplicationSupportsIndirectInputEvents = YES;
				INFOPLIST_KEY_UILaunchScreen_Generation = YES;
				INFOPLIST_KEY_UISupportedInterfaceOrientations_iPad = "UIInterfaceOrientationPortrait UIInterfaceOrientationPortraitUpsideDown UIInterfaceOrientationLandscapeLeft UIInterfaceOrientationLandscapeRight";
				INFOPLIST_KEY_UISupportedInterfaceOrientations_iPhone = "UIInterfaceOrientationPortrait UIInterfaceOrientationLandscapeLeft UIInterfaceOrientationLandscapeRight";
				LD_RUNPATH_SEARCH_PATHS = (
					"$(inherited)",
					"@executable_path/Frameworks",
				);
				MARKETING_VERSION = 1.0;
				PRODUCT_BUNDLE_IDENTIFIER = "com.yuvalfarangi.FaceGram-IOS";
				PRODUCT_NAME = "$(TARGET_NAME)";
				SWIFT_EMIT_LOC_STRINGS = YES;
				SWIFT_VERSION = 5.0;
				TARGETED_DEVICE_FAMILY = "1,2";
			};
			name = Release;
		};
		418DEEB82CF4E00200E73017 /* Debug */ = {
			isa = XCBuildConfiguration;
			buildSettings = {
				BUNDLE_LOADER = "$(TEST_HOST)";
				CODE_SIGN_STYLE = Automatic;
				CURRENT_PROJECT_VERSION = 1;
				GENERATE_INFOPLIST_FILE = YES;
				IPHONEOS_DEPLOYMENT_TARGET = 18.1;
				MARKETING_VERSION = 1.0;
				PRODUCT_BUNDLE_IDENTIFIER = "com.yuvalfarangi.FaceGram-IOSTests";
				PRODUCT_NAME = "$(TARGET_NAME)";
				SWIFT_EMIT_LOC_STRINGS = NO;
				SWIFT_VERSION = 5.0;
				TARGETED_DEVICE_FAMILY = "1,2";
				TEST_HOST = "$(BUILT_PRODUCTS_DIR)/FaceGram IOS.app/$(BUNDLE_EXECUTABLE_FOLDER_PATH)/FaceGram IOS";
			};
			name = Debug;
		};
		418DEEB92CF4E00200E73017 /* Release */ = {
			isa = XCBuildConfiguration;
			buildSettings = {
				BUNDLE_LOADER = "$(TEST_HOST)";
				CODE_SIGN_STYLE = Automatic;
				CURRENT_PROJECT_VERSION = 1;
				GENERATE_INFOPLIST_FILE = YES;
				IPHONEOS_DEPLOYMENT_TARGET = 18.1;
				MARKETING_VERSION = 1.0;
				PRODUCT_BUNDLE_IDENTIFIER = "com.yuvalfarangi.FaceGram-IOSTests";
				PRODUCT_NAME = "$(TARGET_NAME)";
				SWIFT_EMIT_LOC_STRINGS = NO;
				SWIFT_VERSION = 5.0;
				TARGETED_DEVICE_FAMILY = "1,2";
				TEST_HOST = "$(BUILT_PRODUCTS_DIR)/FaceGram IOS.app/$(BUNDLE_EXECUTABLE_FOLDER_PATH)/FaceGram IOS";
			};
			name = Release;
		};
		418DEEBB2CF4E00200E73017 /* Debug */ = {
			isa = XCBuildConfiguration;
			buildSettings = {
				CODE_SIGN_STYLE = Automatic;
				CURRENT_PROJECT_VERSION = 1;
				GENERATE_INFOPLIST_FILE = YES;
				MARKETING_VERSION = 1.0;
				PRODUCT_BUNDLE_IDENTIFIER = "com.yuvalfarangi.FaceGram-IOSUITests";
				PRODUCT_NAME = "$(TARGET_NAME)";
				SWIFT_EMIT_LOC_STRINGS = NO;
				SWIFT_VERSION = 5.0;
				TARGETED_DEVICE_FAMILY = "1,2";
				TEST_TARGET_NAME = "FaceGram IOS";
			};
			name = Debug;
		};
		418DEEBC2CF4E00200E73017 /* Release */ = {
			isa = XCBuildConfiguration;
			buildSettings = {
				CODE_SIGN_STYLE = Automatic;
				CURRENT_PROJECT_VERSION = 1;
				GENERATE_INFOPLIST_FILE = YES;
				MARKETING_VERSION = 1.0;
				PRODUCT_BUNDLE_IDENTIFIER = "com.yuvalfarangi.FaceGram-IOSUITests";
				PRODUCT_NAME = "$(TARGET_NAME)";
				SWIFT_EMIT_LOC_STRINGS = NO;
				SWIFT_VERSION = 5.0;
				TARGETED_DEVICE_FAMILY = "1,2";
				TEST_TARGET_NAME = "FaceGram IOS";
			};
			name = Release;
		};
/* End XCBuildConfiguration section */

/* Begin XCConfigurationList section */
		418DEE8B2CF4E00200E73017 /* Build configuration list for PBXProject "FaceGram IOS" */ = {
			isa = XCConfigurationList;
			buildConfigurations = (
				418DEEB22CF4E00200E73017 /* Debug */,
				418DEEB32CF4E00200E73017 /* Release */,
			);
			defaultConfigurationIsVisible = 0;
			defaultConfigurationName = Release;
		};
		418DEEB42CF4E00200E73017 /* Build configuration list for PBXNativeTarget "FaceGram IOS" */ = {
			isa = XCConfigurationList;
			buildConfigurations = (
				418DEEB52CF4E00200E73017 /* Debug */,
				418DEEB62CF4E00200E73017 /* Release */,
			);
			defaultConfigurationIsVisible = 0;
			defaultConfigurationName = Release;
		};
		418DEEB72CF4E00200E73017 /* Build configuration list for PBXNativeTarget "FaceGram IOSTests" */ = {
			isa = XCConfigurationList;
			buildConfigurations = (
				418DEEB82CF4E00200E73017 /* Debug */,
				418DEEB92CF4E00200E73017 /* Release */,
			);
			defaultConfigurationIsVisible = 0;
			defaultConfigurationName = Release;
		};
		418DEEBA2CF4E00200E73017 /* Build configuration list for PBXNativeTarget "FaceGram IOSUITests" */ = {
			isa = XCConfigurationList;
			buildConfigurations = (
				418DEEBB2CF4E00200E73017 /* Debug */,
				418DEEBC2CF4E00200E73017 /* Release */,
			);
			defaultConfigurationIsVisible = 0;
			defaultConfigurationName = Release;
		};
/* End XCConfigurationList section */
	};
	rootObject = 418DEE882CF4E00200E73017 /* Project object */;
}
